
Microsoft Visual Studio Solution File, Format Version 9.00
# Visual Studio 2005
Project("{FAE04EC0-301F-11D3-BF4B-00C04F79EFBC}") = "Backend", "Backend\Backend.csproj", "{DB24476A-8773-4A1E-A524-4686199570CF}"
	ProjectSection(WebsiteProperties) = preProject
		Debug.AspNetCompiler.Debug = "True"
		Release.AspNetCompiler.Debug = "False"
	EndProjectSection
EndProject
Project("{FAE04EC0-301F-11D3-BF4B-00C04F79EFBC}") = "Deploy", "Deploy\Deploy.csproj", "{5EB35422-16C1-4859-AF28-55FBCD319919}"
	ProjectSection(WebsiteProperties) = preProject
		Debug.AspNetCompiler.Debug = "True"
		Release.AspNetCompiler.Debug = "False"
	EndProjectSection
EndProject
Project("{FAE04EC0-301F-11D3-BF4B-00C04F79EFBC}") = "Website", "Website\Website.csproj", "{A0E10392-0B6A-4C6A-8565-769A423E7982}"
	ProjectSection(WebsiteProperties) = preProject
		Debug.AspNetCompiler.Debug = "True"
		Release.AspNetCompiler.Debug = "False"
	EndProjectSection
EndProject
Global
	GlobalSection(SubversionScc) = preSolution
		Svn-Managed = True
		Manager = AnkhSVN - Subversion Support for Visual Studio
	EndGlobalSection
	GlobalSection(SolutionConfigurationPlatforms) = preSolution
		Debug|Any CPU = Debug|Any CPU
		Release|Any CPU = Release|Any CPU
	EndGlobalSection
	GlobalSection(ProjectConfigurationPlatforms) = postSolution
		{DB24476A-8773-4A1E-A524-4686199570CF}.Debug|Any CPU.ActiveCfg = Debug|Any CPU
		{DB24476A-8773-4A1E-A524-4686199570CF}.Debug|Any CPU.Build.0 = Debug|Any CPU
		{DB24476A-8773-4A1E-A524-4686199570CF}.Release|Any CPU.ActiveCfg = Release|Any CPU
		{DB24476A-8773-4A1E-A524-4686199570CF}.Release|Any CPU.Build.0 = Release|Any CPU
		{5EB35422-16C1-4859-AF28-55FBCD319919}.Debug|Any CPU.ActiveCfg = Debug|Any CPU
		{5EB35422-16C1-4859-AF28-55FBCD319919}.Debug|Any CPU.Build.0 = Debug|Any CPU
		{5EB35422-16C1-4859-AF28-55FBCD319919}.Release|Any CPU.ActiveCfg = Release|Any CPU
		{5EB35422-16C1-4859-AF28-55FBCD319919}.Release|Any CPU.Build.0 = Release|Any CPU
		{A0E10392-0B6A-4C6A-8565-769A423E7982}.Debug|Any CPU.ActiveCfg = Debug|Any CPU
		{A0E10392-0B6A-4C6A-8565-769A423E7982}.Debug|Any CPU.Build.0 = Debug|Any CPU
		{A0E10392-0B6A-4C6A-8565-769A423E7982}.Release|Any CPU.ActiveCfg = Release|Any CPU
		{A0E10392-0B6A-4C6A-8565-769A423E7982}.Release|Any CPU.Build.0 = Release|Any CPU
	EndGlobalSection
	GlobalSection(SolutionProperties) = preSolution
		HideSolutionNode = FALSE
	EndGlobalSection
EndGlobal
